
Microsoft Visual Studio Solution File, Format Version 12.00
# Visual Studio 14
VisualStudioVersion = 14.0.25123.0
MinimumVisualStudioVersion = 10.0.40219.1
Project("{2150E333-8FDC-42A3-9474-1A3956D46DE8}") = "src", "src", "{E9B1EBA0-1620-443C-8A96-F7A2547F4C47}"
EndProject
Project("{2150E333-8FDC-42A3-9474-1A3956D46DE8}") = "Solution Items", "Solution Items", "{65E0FB3B-D005-4064-BE1F-B7F826BDFA2B}"
	ProjectSection(SolutionItems) = preProject
		.gitattributes = .gitattributes
		.gitignore = .gitignore
		global.json = global.json
		LICENSE = LICENSE
		NuGet.Config = NuGet.Config
		README.md = README.md
	EndProjectSection
EndProject
Project("{8BB2217D-0F2D-49D1-97BC-3654ED321F3B}") = "NUnitWithDotNetCoreRC2", "src\NUnitWithDotNetCoreRC2\NUnitWithDotNetCoreRC2.xproj", "{77CA17E0-7692-4659-837C-498D5702B3B8}"
EndProject
Project("{2150E333-8FDC-42A3-9474-1A3956D46DE8}") = "test", "test", "{AA816949-67C4-4873-B086-BD880386FBE0}"
EndProject
Project("{8BB2217D-0F2D-49D1-97BC-3654ED321F3B}") = "NUnitWithDotNetCoreRC2.Test", "test\NUnitWithDotNetCoreRC2.Test\NUnitWithDotNetCoreRC2.Test.xproj", "{C5A6FF56-71D8-4AE7-B27C-5FAEA16880FF}"
EndProject
Global
	GlobalSection(SolutionConfigurationPlatforms) = preSolution
		Debug|Any CPU = Debug|Any CPU
		Release|Any CPU = Release|Any CPU
	EndGlobalSection
	GlobalSection(ProjectConfigurationPlatforms) = postSolution
		{77CA17E0-7692-4659-837C-498D5702B3B8}.Debug|Any CPU.ActiveCfg = Debug|Any CPU
		{77CA17E0-7692-4659-837C-498D5702B3B8}.Debug|Any CPU.Build.0 = Debug|Any CPU
		{77CA17E0-7692-4659-837C-498D5702B3B8}.Release|Any CPU.ActiveCfg = Release|Any CPU
		{77CA17E0-7692-4659-837C-498D5702B3B8}.Release|Any CPU.Build.0 = Release|Any CPU
		{C5A6FF56-71D8-4AE7-B27C-5FAEA16880FF}.Debug|Any CPU.ActiveCfg = Debug|Any CPU
		{C5A6FF56-71D8-4AE7-B27C-5FAEA16880FF}.Debug|Any CPU.Build.0 = Debug|Any CPU
		{C5A6FF56-71D8-4AE7-B27C-5FAEA16880FF}.Release|Any CPU.ActiveCfg = Release|Any CPU
		{C5A6FF56-71D8-4AE7-B27C-5FAEA16880FF}.Release|Any CPU.Build.0 = Release|Any CPU
	EndGlobalSection
	GlobalSection(SolutionProperties) = preSolution
		HideSolutionNode = FALSE
	EndGlobalSection
	GlobalSection(NestedProjects) = preSolution
		{77CA17E0-7692-4659-837C-498D5702B3B8} = {E9B1EBA0-1620-443C-8A96-F7A2547F4C47}
		{C5A6FF56-71D8-4AE7-B27C-5FAEA16880FF} = {AA816949-67C4-4873-B086-BD880386FBE0}
	EndGlobalSection
EndGlobal
